
Microsoft Visual Studio Solution File, Format Version 12.00
# Visual Studio Version 16
VisualStudioVersion = 16.0.29424.173
MinimumVisualStudioVersion = 10.0.40219.1
Project("{FAE04EC0-301F-11D3-BF4B-00C04F79EFBC}") = "ConduitDeconstruct", "ConduitDeconstruct\ConduitDeconstruct.csproj", "{8261B80D-C697-4055-8B28-695A7881249B}"
EndProject
Global
	GlobalSection(SolutionConfigurationPlatforms) = preSolution
		Debug|Any CPU = Debug|Any CPU
		Release|Any CPU = Release|Any CPU
	EndGlobalSection
	GlobalSection(ProjectConfigurationPlatforms) = postSolution
		{8261B80D-C697-4055-8B28-695A7881249B}.Debug|Any CPU.ActiveCfg = Debug|Any CPU
		{8261B80D-C697-4055-8B28-695A7881249B}.Debug|Any CPU.Build.0 = Debug|Any CPU
		{8261B80D-C697-4055-8B28-695A7881249B}.Release|Any CPU.ActiveCfg = Release|Any CPU
		{8261B80D-C697-4055-8B28-695A7881249B}.Release|Any CPU.Build.0 = Release|Any CPU
	EndGlobalSection
	GlobalSection(SolutionProperties) = preSolution
		HideSolutionNode = FALSE
	EndGlobalSection
	GlobalSection(ExtensibilityGlobals) = postSolution
		SolutionGuid = {807C7C12-7AC1-4E40-ABC9-88549ABA7E08}
	EndGlobalSection
EndGlobal
